
Microsoft Visual Studio Solution File, Format Version 12.00
# Visual Studio Version 17
VisualStudioVersion = 17.2.32630.192
MinimumVisualStudioVersion = 10.0.40219.1
Project("{FAE04EC0-301F-11D3-BF4B-00C04F79EFBC}") = "Calculadora", "Calculadora\Calculadora.csproj", "{56887F65-A2E5-4118-8C18-3950F58EB408}"
EndProject
Global
	GlobalSection(SolutionConfigurationPlatforms) = preSolution
		Debug|Any CPU = Debug|Any CPU
		Release|Any CPU = Release|Any CPU
	EndGlobalSection
	GlobalSection(ProjectConfigurationPlatforms) = postSolution
		{56887F65-A2E5-4118-8C18-3950F58EB408}.Debug|Any CPU.ActiveCfg = Debug|Any CPU
		{56887F65-A2E5-4118-8C18-3950F58EB408}.Debug|Any CPU.Build.0 = Debug|Any CPU
		{56887F65-A2E5-4118-8C18-3950F58EB408}.Release|Any CPU.ActiveCfg = Release|Any CPU
		{56887F65-A2E5-4118-8C18-3950F58EB408}.Release|Any CPU.Build.0 = Release|Any CPU
	EndGlobalSection
	GlobalSection(SolutionProperties) = preSolution
		HideSolutionNode = FALSE
	EndGlobalSection
	GlobalSection(ExtensibilityGlobals) = postSolution
		SolutionGuid = {6773C36A-805E-4D8A-AD87-B241C594393E}
	EndGlobalSection
EndGlobal
